# host-prove provenance lock — this tool's reproducibility anchor.
#
# Each install/ script fetches the pinned OFFICIAL prebuilt binary and verifies its
# SHA256 against this file before exposing it. Re-running reproduces the identical
# verified binary — the host-prove analog of .host-software's digest-pinned toolchain
# + recorded artifact hash for our Rust tools. No Docker, no source build, no OCaml.
#
# Fields: <tool>  version=<v>  asset=<release-asset>  sha256=<hex>
apalache  version=0.58.0  asset=apalache-0.58.0.tgz                    sha256=55b4da129140b3b6b4106b31eddf36b5f49d896bf2ec8b4cf81c93bc37b9b3d7
tlaps     version=1.4.5   asset=tlaps-1.4.5-x86_64-linux-gnu-inst.bin  sha256=59324a8c6f341737ee1920648d076a3ee2c09824c647a7f25ac57ebe520d92be
kani      version=0.67.0  install=cargo-locked                         sha256=n/a
